
Microsoft Visual Studio Solution File, Format Version 12.00
# Visual Studio Version 17
VisualStudioVersion = 17.4.33213.308
MinimumVisualStudioVersion = 10.0.40219.1
Project("{FAE04EC0-301F-11D3-BF4B-00C04F79EFBC}") = "JRussCEC1", "JRussCEC1\JRussCEC1.csproj", "{4C06860D-52EB-4231-8095-31EBED7B054F}"
EndProject
Global
	GlobalSection(SolutionConfigurationPlatforms) = preSolution
		Debug|Any CPU = Debug|Any CPU
		Release|Any CPU = Release|Any CPU
	EndGlobalSection
	GlobalSection(ProjectConfigurationPlatforms) = postSolution
		{4C06860D-52EB-4231-8095-31EBED7B054F}.Debug|Any CPU.ActiveCfg = Debug|Any CPU
		{4C06860D-52EB-4231-8095-31EBED7B054F}.Debug|Any CPU.Build.0 = Debug|Any CPU
		{4C06860D-52EB-4231-8095-31EBED7B054F}.Release|Any CPU.ActiveCfg = Release|Any CPU
		{4C06860D-52EB-4231-8095-31EBED7B054F}.Release|Any CPU.Build.0 = Release|Any CPU
	EndGlobalSection
	GlobalSection(SolutionProperties) = preSolution
		HideSolutionNode = FALSE
	EndGlobalSection
	GlobalSection(ExtensibilityGlobals) = postSolution
		SolutionGuid = {58FE8E86-B370-4992-9DF9-2110350EA9A0}
	EndGlobalSection
EndGlobal
